// !$*UTF8*$!
{
	archiveVersion = 1;
	classes = {
	};
	objectVersion = 51;
	objects = {

/* Begin PBXBuildFile section */
		0A4CD4F60C9E9D8BAC7F44DB /* SettingsInteractor.swift in Sources */ = {isa = PBXBuildFile; fileRef = 6A97B33C3869102919CF046F /* SettingsInteractor.swift */; };
		0F90C4F5D15B0713860AF7CC /* TabBarViewController.swift in Sources */ = {isa = PBXBuildFile; fileRef = 08D5E9B1CE7D46C6486701C3 /* TabBarViewController.swift */; };
		288FBE7304F809873AD00406 /* TabBarPresenter.swift in Sources */ = {isa = PBXBuildFile; fileRef = 3ACF7D1A8D88901DEBD92AE9 /* TabBarPresenter.swift */; };
		373FD16EE3B5410312DDF9EA /* SettingsPresenter.swift in Sources */ = {isa = PBXBuildFile; fileRef = 1D0929243AB8FE87B2011266 /* SettingsPresenter.swift */; };
		38088DFD6B88A13CB46419F7 /* MainProtocols.swift in Sources */ = {isa = PBXBuildFile; fileRef = 12B75B023086BDA7E13CF9F7 /* MainProtocols.swift */; };
		3C2C6F2A86AC3F805EE646D0 /* SettingsViewController.swift in Sources */ = {isa = PBXBuildFile; fileRef = 913C30ED3E2D6C44963F332B /* SettingsViewController.swift */; };
		42747C521D70E6BD39AD5221 /* TabBarProtocols.swift in Sources */ = {isa = PBXBuildFile; fileRef = 6D2EDA99BAF6280F730884B2 /* TabBarProtocols.swift */; };
		440CEEA7F36362B46A230A3F /* MainAssembler.swift in Sources */ = {isa = PBXBuildFile; fileRef = CB69D08FE9E408691AB80570 /* MainAssembler.swift */; };
		687E47C966A306AC66C20065 /* MainInteractor.swift in Sources */ = {isa = PBXBuildFile; fileRef = 2BECD31FFAC027C11DB2E22C /* MainInteractor.swift */; };
		723F6CB12D20DF61FFA2EBFD /* MainConfigurator.swift in Sources */ = {isa = PBXBuildFile; fileRef = 28CDF13CE9E88E80E7CFD8A7 /* MainConfigurator.swift */; };
		9A55EE6688955CB5C09B8768 /* TabBarInteractor.swift in Sources */ = {isa = PBXBuildFile; fileRef = 7D0A4C2064933CD5AA5CCF07 /* TabBarInteractor.swift */; };
		9EF7B4F4485144A6B38722FA /* SettingsProtocols.swift in Sources */ = {isa = PBXBuildFile; fileRef = 49163E1017BFDEA2A8268255 /* SettingsProtocols.swift */; };
		B59DCC6E2954D7246CC8BF0F /* MainViewController.swift in Sources */ = {isa = PBXBuildFile; fileRef = B379693BDC256843B7F558CC /* MainViewController.swift */; };
		B7C65A6113EBDDBB6A858B31 /* TabBarConfigurator.swift in Sources */ = {isa = PBXBuildFile; fileRef = 311D90EAA79631D0E0F1E8C7 /* TabBarConfigurator.swift */; };
		CAA16E4129DC5DA80445078D /* TabBarRouter.swift in Sources */ = {isa = PBXBuildFile; fileRef = 261C76127405A300FE9AA934 /* TabBarRouter.swift */; };
		CF2F7F1D929FE03FF3831B42 /* SettingsRouter.swift in Sources */ = {isa = PBXBuildFile; fileRef = 3917FEC200E2335553652367 /* SettingsRouter.swift */; };
		E153489E9995A27C81FCF4C4 /* MainRouter.swift in Sources */ = {isa = PBXBuildFile; fileRef = 1FE8FF06F10696463E83BBFB /* MainRouter.swift */; };
		EDB9388DDB3F70A64E898D02 /* MainPresenter.swift in Sources */ = {isa = PBXBuildFile; fileRef = 9043552EA2D9942A17E2C5C7 /* MainPresenter.swift */; };
		F22B9A4522D2333300589D1C /* Presentable.swift in Sources */ = {isa = PBXBuildFile; fileRef = F22B9A4422D2333300589D1C /* Presentable.swift */; };
		F22B9A4A22D23B5A00589D1C /* TabBar.storyboard in Resources */ = {isa = PBXBuildFile; fileRef = F22B9A4922D23B5A00589D1C /* TabBar.storyboard */; };
		F22B9A4E22D2467000589D1C /* Main.storyboard in Resources */ = {isa = PBXBuildFile; fileRef = F22B9A4D22D2467000589D1C /* Main.storyboard */; };
		F22B9A5022D2469400589D1C /* Settings.storyboard in Resources */ = {isa = PBXBuildFile; fileRef = F22B9A4F22D2469400589D1C /* Settings.storyboard */; };
		F22B9A5422D2486A00589D1C /* R.generated.swift in Sources */ = {isa = PBXBuildFile; fileRef = F22B9A5322D2486A00589D1C /* R.generated.swift */; };
		F22B9A5722D24FF300589D1C /* UIViewController.swift in Sources */ = {isa = PBXBuildFile; fileRef = F22B9A5622D24FF300589D1C /* UIViewController.swift */; };
		F25F50EC22D2088A00F5142D /* AppDelegate.swift in Sources */ = {isa = PBXBuildFile; fileRef = F25F50EB22D2088A00F5142D /* AppDelegate.swift */; };
		F25F50F622D2088D00F5142D /* Assets.xcassets in Resources */ = {isa = PBXBuildFile; fileRef = F25F50F522D2088D00F5142D /* Assets.xcassets */; };
		F25F50F922D2088D00F5142D /* LaunchScreen.storyboard in Resources */ = {isa = PBXBuildFile; fileRef = F25F50F722D2088D00F5142D /* LaunchScreen.storyboard */; };
		F25F510C22D21ACA00F5142D /* ModuleAssembly.swift in Sources */ = {isa = PBXBuildFile; fileRef = F25F510B22D21ACA00F5142D /* ModuleAssembly.swift */; };
		F25F510E22D21BE900F5142D /* ApplicationAssembler.swift in Sources */ = {isa = PBXBuildFile; fileRef = F25F510D22D21BE900F5142D /* ApplicationAssembler.swift */; };
		F25F511022D21C4C00F5142D /* AppearanceConfigurator.swift in Sources */ = {isa = PBXBuildFile; fileRef = F25F510F22D21C4C00F5142D /* AppearanceConfigurator.swift */; };
		F25F511222D21C6500F5142D /* ApplicationConfigurator.swift in Sources */ = {isa = PBXBuildFile; fileRef = F25F511122D21C6500F5142D /* ApplicationConfigurator.swift */; };
		F25F511422D21C8400F5142D /* ConfiguratorProtocol.swift in Sources */ = {isa = PBXBuildFile; fileRef = F25F511322D21C8400F5142D /* ConfiguratorProtocol.swift */; };
		F25F511622D21D1F00F5142D /* BusinessLayerAssembly.swift in Sources */ = {isa = PBXBuildFile; fileRef = F25F511522D21D1F00F5142D /* BusinessLayerAssembly.swift */; };
		F2647059C186FD5CED3D2295 /* SettingsConfigurator.swift in Sources */ = {isa = PBXBuildFile; fileRef = D1A329103B75D2525400C130 /* SettingsConfigurator.swift */; };
		F3D33806B29EE644BB04BD40 /* TabBarAssembler.swift in Sources */ = {isa = PBXBuildFile; fileRef = 30363E5F9D6D1CFB3F62889B /* TabBarAssembler.swift */; };
		F91D4FFD64B937F33E4F73D4 /* Pods_iOSPlaygrounds.framework in Frameworks */ = {isa = PBXBuildFile; fileRef = 9E4DCC93CB5F6797918335C4 /* Pods_iOSPlaygrounds.framework */; };
		FE94737BD32CB43BA562D568 /* SettingsAssembler.swift in Sources */ = {isa = PBXBuildFile; fileRef = 9383E6F8EACA2DE350087968 /* SettingsAssembler.swift */; };
		FEFC17942747C40200CF7CED /* BaseMainNavigationController.swift in Sources */ = {isa = PBXBuildFile; fileRef = FEFC17932747C40200CF7CED /* BaseMainNavigationController.swift */; };
		FEFC17972747C69300CF7CED /* MainCell.swift in Sources */ = {isa = PBXBuildFile; fileRef = FEFC17952747C69300CF7CED /* MainCell.swift */; };
		FEFC17982747C69300CF7CED /* MainCell.xib in Resources */ = {isa = PBXBuildFile; fileRef = FEFC17962747C69300CF7CED /* MainCell.xib */; };
		FEFC179C2747C9EE00CF7CED /* Localizable.strings in Resources */ = {isa = PBXBuildFile; fileRef = FEFC179E2747C9EE00CF7CED /* Localizable.strings */; };
		FEFC18792747EEA300CF7CED /* AlamofireTestRouter.swift in Sources */ = {isa = PBXBuildFile; fileRef = FEFC186C2747EEA300CF7CED /* AlamofireTestRouter.swift */; };
		FEFC187A2747EEA300CF7CED /* AlamofireTestConfigurator.swift in Sources */ = {isa = PBXBuildFile; fileRef = FEFC186E2747EEA300CF7CED /* AlamofireTestConfigurator.swift */; };
		FEFC187B2747EEA300CF7CED /* AlamofireTestInteractor.swift in Sources */ = {isa = PBXBuildFile; fileRef = FEFC18702747EEA300CF7CED /* AlamofireTestInteractor.swift */; };
		FEFC187C2747EEA300CF7CED /* AlamofireTestProtocols.swift in Sources */ = {isa = PBXBuildFile; fileRef = FEFC18722747EEA300CF7CED /* AlamofireTestProtocols.swift */; };
		FEFC187D2747EEA300CF7CED /* AlamofireTestPresenter.swift in Sources */ = {isa = PBXBuildFile; fileRef = FEFC18742747EEA300CF7CED /* AlamofireTestPresenter.swift */; };
		FEFC187E2747EEA300CF7CED /* AlamofireTestViewController.swift in Sources */ = {isa = PBXBuildFile; fileRef = FEFC18762747EEA300CF7CED /* AlamofireTestViewController.swift */; };
		FEFC187F2747EEA300CF7CED /* AlamofireTestAssembler.swift in Sources */ = {isa = PBXBuildFile; fileRef = FEFC18782747EEA300CF7CED /* AlamofireTestAssembler.swift */; };
		FEFC18812747EECB00CF7CED /* AlamofireTest.storyboard in Resources */ = {isa = PBXBuildFile; fileRef = FEFC18802747EECB00CF7CED /* AlamofireTest.storyboard */; };
/* End PBXBuildFile section */

/* Begin PBXFileReference section */
		05F6406B0AB417890865FF66 /* Pods-AudiOBD2Scanner.release.xcconfig */ = {isa = PBXFileReference; includeInIndex = 1; lastKnownFileType = text.xcconfig; name = "Pods-AudiOBD2Scanner.release.xcconfig"; path = "Target Support Files/Pods-AudiOBD2Scanner/Pods-AudiOBD2Scanner.release.xcconfig"; sourceTree = "<group>"; };
		08D5E9B1CE7D46C6486701C3 /* TabBarViewController.swift */ = {isa = PBXFileReference; includeInIndex = 1; lastKnownFileType = sourcecode.swift; path = TabBarViewController.swift; sourceTree = "<group>"; };
		12B75B023086BDA7E13CF9F7 /* MainProtocols.swift */ = {isa = PBXFileReference; includeInIndex = 1; lastKnownFileType = sourcecode.swift; path = MainProtocols.swift; sourceTree = "<group>"; };
		1D0929243AB8FE87B2011266 /* SettingsPresenter.swift */ = {isa = PBXFileReference; includeInIndex = 1; lastKnownFileType = sourcecode.swift; path = SettingsPresenter.swift; sourceTree = "<group>"; };
		1FE8FF06F10696463E83BBFB /* MainRouter.swift */ = {isa = PBXFileReference; includeInIndex = 1; lastKnownFileType = sourcecode.swift; path = MainRouter.swift; sourceTree = "<group>"; };
		261C76127405A300FE9AA934 /* TabBarRouter.swift */ = {isa = PBXFileReference; includeInIndex = 1; lastKnownFileType = sourcecode.swift; path = TabBarRouter.swift; sourceTree = "<group>"; };
		28CDF13CE9E88E80E7CFD8A7 /* MainConfigurator.swift */ = {isa = PBXFileReference; includeInIndex = 1; lastKnownFileType = sourcecode.swift; path = MainConfigurator.swift; sourceTree = "<group>"; };
		2BECD31FFAC027C11DB2E22C /* MainInteractor.swift */ = {isa = PBXFileReference; includeInIndex = 1; lastKnownFileType = sourcecode.swift; path = MainInteractor.swift; sourceTree = "<group>"; };
		30363E5F9D6D1CFB3F62889B /* TabBarAssembler.swift */ = {isa = PBXFileReference; includeInIndex = 1; lastKnownFileType = sourcecode.swift; path = TabBarAssembler.swift; sourceTree = "<group>"; };
		311D90EAA79631D0E0F1E8C7 /* TabBarConfigurator.swift */ = {isa = PBXFileReference; includeInIndex = 1; lastKnownFileType = sourcecode.swift; path = TabBarConfigurator.swift; sourceTree = "<group>"; };
		3917FEC200E2335553652367 /* SettingsRouter.swift */ = {isa = PBXFileReference; includeInIndex = 1; lastKnownFileType = sourcecode.swift; path = SettingsRouter.swift; sourceTree = "<group>"; };
		3ACF7D1A8D88901DEBD92AE9 /* TabBarPresenter.swift */ = {isa = PBXFileReference; includeInIndex = 1; lastKnownFileType = sourcecode.swift; path = TabBarPresenter.swift; sourceTree = "<group>"; };
		49163E1017BFDEA2A8268255 /* SettingsProtocols.swift */ = {isa = PBXFileReference; includeInIndex = 1; lastKnownFileType = sourcecode.swift; path = SettingsProtocols.swift; sourceTree = "<group>"; };
		6A97B33C3869102919CF046F /* SettingsInteractor.swift */ = {isa = PBXFileReference; includeInIndex = 1; lastKnownFileType = sourcecode.swift; path = SettingsInteractor.swift; sourceTree = "<group>"; };
		6D2EDA99BAF6280F730884B2 /* TabBarProtocols.swift */ = {isa = PBXFileReference; includeInIndex = 1; lastKnownFileType = sourcecode.swift; path = TabBarProtocols.swift; sourceTree = "<group>"; };
		7972586F261C19B960C14298 /* Pods-iOSPlaygrounds.release.xcconfig */ = {isa = PBXFileReference; includeInIndex = 1; lastKnownFileType = text.xcconfig; name = "Pods-iOSPlaygrounds.release.xcconfig"; path = "Target Support Files/Pods-iOSPlaygrounds/Pods-iOSPlaygrounds.release.xcconfig"; sourceTree = "<group>"; };
		7D0A4C2064933CD5AA5CCF07 /* TabBarInteractor.swift */ = {isa = PBXFileReference; includeInIndex = 1; lastKnownFileType = sourcecode.swift; path = TabBarInteractor.swift; sourceTree = "<group>"; };
		8AD6EA915637EAD96B126D99 /* Pods-AudiOBD2Scanner.debug.xcconfig */ = {isa = PBXFileReference; includeInIndex = 1; lastKnownFileType = text.xcconfig; name = "Pods-AudiOBD2Scanner.debug.xcconfig"; path = "Target Support Files/Pods-AudiOBD2Scanner/Pods-AudiOBD2Scanner.debug.xcconfig"; sourceTree = "<group>"; };
		9043552EA2D9942A17E2C5C7 /* MainPresenter.swift */ = {isa = PBXFileReference; includeInIndex = 1; lastKnownFileType = sourcecode.swift; path = MainPresenter.swift; sourceTree = "<group>"; };
		913C30ED3E2D6C44963F332B /* SettingsViewController.swift */ = {isa = PBXFileReference; includeInIndex = 1; lastKnownFileType = sourcecode.swift; path = SettingsViewController.swift; sourceTree = "<group>"; };
		9383E6F8EACA2DE350087968 /* SettingsAssembler.swift */ = {isa = PBXFileReference; includeInIndex = 1; lastKnownFileType = sourcecode.swift; path = SettingsAssembler.swift; sourceTree = "<group>"; };
		9E4DCC93CB5F6797918335C4 /* Pods_iOSPlaygrounds.framework */ = {isa = PBXFileReference; explicitFileType = wrapper.framework; includeInIndex = 0; path = Pods_iOSPlaygrounds.framework; sourceTree = BUILT_PRODUCTS_DIR; };
		A3AADD77D66D807BCA9A1B4D /* Pods-iOSPlaygrounds.debug.xcconfig */ = {isa = PBXFileReference; includeInIndex = 1; lastKnownFileType = text.xcconfig; name = "Pods-iOSPlaygrounds.debug.xcconfig"; path = "Target Support Files/Pods-iOSPlaygrounds/Pods-iOSPlaygrounds.debug.xcconfig"; sourceTree = "<group>"; };
		B379693BDC256843B7F558CC /* MainViewController.swift */ = {isa = PBXFileReference; includeInIndex = 1; lastKnownFileType = sourcecode.swift; path = MainViewController.swift; sourceTree = "<group>"; };
		CB69D08FE9E408691AB80570 /* MainAssembler.swift */ = {isa = PBXFileReference; includeInIndex = 1; lastKnownFileType = sourcecode.swift; path = MainAssembler.swift; sourceTree = "<group>"; };
		D1A329103B75D2525400C130 /* SettingsConfigurator.swift */ = {isa = PBXFileReference; includeInIndex = 1; lastKnownFileType = sourcecode.swift; path = SettingsConfigurator.swift; sourceTree = "<group>"; };
		F22B9A4422D2333300589D1C /* Presentable.swift */ = {isa = PBXFileReference; lastKnownFileType = sourcecode.swift; path = Presentable.swift; sourceTree = "<group>"; };
		F22B9A4922D23B5A00589D1C /* TabBar.storyboard */ = {isa = PBXFileReference; lastKnownFileType = file.storyboard; path = TabBar.storyboard; sourceTree = "<group>"; };
		F22B9A4D22D2467000589D1C /* Main.storyboard */ = {isa = PBXFileReference; lastKnownFileType = file.storyboard; path = Main.storyboard; sourceTree = "<group>"; };
		F22B9A4F22D2469400589D1C /* Settings.storyboard */ = {isa = PBXFileReference; lastKnownFileType = file.storyboard; path = Settings.storyboard; sourceTree = "<group>"; };
		F22B9A5322D2486A00589D1C /* R.generated.swift */ = {isa = PBXFileReference; fileEncoding = 4; lastKnownFileType = sourcecode.swift; path = R.generated.swift; sourceTree = SOURCE_ROOT; };
		F22B9A5622D24FF300589D1C /* UIViewController.swift */ = {isa = PBXFileReference; lastKnownFileType = sourcecode.swift; path = UIViewController.swift; sourceTree = "<group>"; };
		F25F50E822D2088A00F5142D /* iOSPlaygrounds.app */ = {isa = PBXFileReference; explicitFileType = wrapper.application; includeInIndex = 0; path = iOSPlaygrounds.app; sourceTree = BUILT_PRODUCTS_DIR; };
		F25F50EB22D2088A00F5142D /* AppDelegate.swift */ = {isa = PBXFileReference; lastKnownFileType = sourcecode.swift; path = AppDelegate.swift; sourceTree = "<group>"; };
		F25F50F522D2088D00F5142D /* Assets.xcassets */ = {isa = PBXFileReference; lastKnownFileType = folder.assetcatalog; path = Assets.xcassets; sourceTree = "<group>"; };
		F25F50F822D2088D00F5142D /* Base */ = {isa = PBXFileReference; lastKnownFileType = file.storyboard; name = Base; path = Base.lproj/LaunchScreen.storyboard; sourceTree = "<group>"; };
		F25F50FA22D2088D00F5142D /* Info.plist */ = {isa = PBXFileReference; lastKnownFileType = text.plist.xml; path = Info.plist; sourceTree = "<group>"; };
		F25F510B22D21ACA00F5142D /* ModuleAssembly.swift */ = {isa = PBXFileReference; lastKnownFileType = sourcecode.swift; path = ModuleAssembly.swift; sourceTree = "<group>"; };
		F25F510D22D21BE900F5142D /* ApplicationAssembler.swift */ = {isa = PBXFileReference; lastKnownFileType = sourcecode.swift; path = ApplicationAssembler.swift; sourceTree = "<group>"; };
		F25F510F22D21C4C00F5142D /* AppearanceConfigurator.swift */ = {isa = PBXFileReference; lastKnownFileType = sourcecode.swift; path = AppearanceConfigurator.swift; sourceTree = "<group>"; };
		F25F511122D21C6500F5142D /* ApplicationConfigurator.swift */ = {isa = PBXFileReference; lastKnownFileType = sourcecode.swift; path = ApplicationConfigurator.swift; sourceTree = "<group>"; };
		F25F511322D21C8400F5142D /* ConfiguratorProtocol.swift */ = {isa = PBXFileReference; lastKnownFileType = sourcecode.swift; path = ConfiguratorProtocol.swift; sourceTree = "<group>"; };
		F25F511522D21D1F00F5142D /* BusinessLayerAssembly.swift */ = {isa = PBXFileReference; lastKnownFileType = sourcecode.swift; path = BusinessLayerAssembly.swift; sourceTree = "<group>"; };
		FEFC17932747C40200CF7CED /* BaseMainNavigationController.swift */ = {isa = PBXFileReference; lastKnownFileType = sourcecode.swift; path = BaseMainNavigationController.swift; sourceTree = "<group>"; };
		FEFC17952747C69300CF7CED /* MainCell.swift */ = {isa = PBXFileReference; lastKnownFileType = sourcecode.swift; path = MainCell.swift; sourceTree = "<group>"; };
		FEFC17962747C69300CF7CED /* MainCell.xib */ = {isa = PBXFileReference; lastKnownFileType = file.xib; path = MainCell.xib; sourceTree = "<group>"; };
		FEFC179D2747C9EE00CF7CED /* en */ = {isa = PBXFileReference; lastKnownFileType = text.plist.strings; name = en; path = en.lproj/Localizable.strings; sourceTree = "<group>"; };
		FEFC186C2747EEA300CF7CED /* AlamofireTestRouter.swift */ = {isa = PBXFileReference; fileEncoding = 4; lastKnownFileType = sourcecode.swift; path = AlamofireTestRouter.swift; sourceTree = "<group>"; };
		FEFC186E2747EEA300CF7CED /* AlamofireTestConfigurator.swift */ = {isa = PBXFileReference; fileEncoding = 4; lastKnownFileType = sourcecode.swift; path = AlamofireTestConfigurator.swift; sourceTree = "<group>"; };
		FEFC18702747EEA300CF7CED /* AlamofireTestInteractor.swift */ = {isa = PBXFileReference; fileEncoding = 4; lastKnownFileType = sourcecode.swift; path = AlamofireTestInteractor.swift; sourceTree = "<group>"; };
		FEFC18722747EEA300CF7CED /* AlamofireTestProtocols.swift */ = {isa = PBXFileReference; fileEncoding = 4; lastKnownFileType = sourcecode.swift; path = AlamofireTestProtocols.swift; sourceTree = "<group>"; };
		FEFC18742747EEA300CF7CED /* AlamofireTestPresenter.swift */ = {isa = PBXFileReference; fileEncoding = 4; lastKnownFileType = sourcecode.swift; path = AlamofireTestPresenter.swift; sourceTree = "<group>"; };
		FEFC18762747EEA300CF7CED /* AlamofireTestViewController.swift */ = {isa = PBXFileReference; fileEncoding = 4; lastKnownFileType = sourcecode.swift; path = AlamofireTestViewController.swift; sourceTree = "<group>"; };
		FEFC18782747EEA300CF7CED /* AlamofireTestAssembler.swift */ = {isa = PBXFileReference; fileEncoding = 4; lastKnownFileType = sourcecode.swift; path = AlamofireTestAssembler.swift; sourceTree = "<group>"; };
		FEFC18802747EECB00CF7CED /* AlamofireTest.storyboard */ = {isa = PBXFileReference; lastKnownFileType = file.storyboard; path = AlamofireTest.storyboard; sourceTree = "<group>"; };
/* End PBXFileReference section */

/* Begin PBXFrameworksBuildPhase section */
		F25F50E522D2088A00F5142D /* Frameworks */ = {
			isa = PBXFrameworksBuildPhase;
			buildActionMask = 2147483647;
			files = (
				F91D4FFD64B937F33E4F73D4 /* Pods_iOSPlaygrounds.framework in Frameworks */,
			);
			runOnlyForDeploymentPostprocessing = 0;
		};
/* End PBXFrameworksBuildPhase section */

/* Begin PBXGroup section */
		0A95EA48D1052EAB7F956E54 /* Frameworks */ = {
			isa = PBXGroup;
			children = (
				9E4DCC93CB5F6797918335C4 /* Pods_iOSPlaygrounds.framework */,
			);
			name = Frameworks;
			sourceTree = "<group>";
		};
		14DBAFDE2186214BC3C63DD8 /* Pods */ = {
			isa = PBXGroup;
			children = (
				8AD6EA915637EAD96B126D99 /* Pods-AudiOBD2Scanner.debug.xcconfig */,
				05F6406B0AB417890865FF66 /* Pods-AudiOBD2Scanner.release.xcconfig */,
				A3AADD77D66D807BCA9A1B4D /* Pods-iOSPlaygrounds.debug.xcconfig */,
				7972586F261C19B960C14298 /* Pods-iOSPlaygrounds.release.xcconfig */,
			);
			path = Pods;
			sourceTree = "<group>";
		};
		1595D8340917C627656A4B2C /* Presenter */ = {
			isa = PBXGroup;
			children = (
				9043552EA2D9942A17E2C5C7 /* MainPresenter.swift */,
			);
			path = Presenter;
			sourceTree = "<group>";
		};
		2A9FDE0BAB971D9DF62AEA1D /* Router */ = {
			isa = PBXGroup;
			children = (
				3917FEC200E2335553652367 /* SettingsRouter.swift */,
			);
			path = Router;
			sourceTree = "<group>";
		};
		2D4ECF0314ACE5A14BFE55F7 /* Interactor */ = {
			isa = PBXGroup;
			children = (
				2BECD31FFAC027C11DB2E22C /* MainInteractor.swift */,
			);
			path = Interactor;
			sourceTree = "<group>";
		};
		2EE2C5DD35DBB00015719025 /* Protocols */ = {
			isa = PBXGroup;
			children = (
				6D2EDA99BAF6280F730884B2 /* TabBarProtocols.swift */,
			);
			path = Protocols;
			sourceTree = "<group>";
		};
		31FD9D8FFF9A332D3291D757 /* Settings */ = {
			isa = PBXGroup;
			children = (
				CE778AB2C9B42F60B86104D5 /* View */,
				3C1255CF3116134BBEBF6628 /* Presenter */,
				9F15454F8A70183F4083B182 /* Interactor */,
				2A9FDE0BAB971D9DF62AEA1D /* Router */,
				6CE30DCA2E91BB12D59C44CB /* Configurator */,
				97D7BC4E522749555FA137BD /* Assembly */,
				E09A52686ED1F9CC3960D919 /* Protocols */,
				F22B9A4F22D2469400589D1C /* Settings.storyboard */,
			);
			path = Settings;
			sourceTree = "<group>";
		};
		3C1255CF3116134BBEBF6628 /* Presenter */ = {
			isa = PBXGroup;
			children = (
				1D0929243AB8FE87B2011266 /* SettingsPresenter.swift */,
			);
			path = Presenter;
			sourceTree = "<group>";
		};
		4C68F00F83388131845B15A0 /* Configurator */ = {
			isa = PBXGroup;
			children = (
				311D90EAA79631D0E0F1E8C7 /* TabBarConfigurator.swift */,
			);
			path = Configurator;
			sourceTree = "<group>";
		};
		584B7AE2EF96F5BAF5E33FBA /* Router */ = {
			isa = PBXGroup;
			children = (
				261C76127405A300FE9AA934 /* TabBarRouter.swift */,
			);
			path = Router;
			sourceTree = "<group>";
		};
		69461E7DA54A77E835BE3FC8 /* Assembly */ = {
			isa = PBXGroup;
			children = (
				30363E5F9D6D1CFB3F62889B /* TabBarAssembler.swift */,
			);
			path = Assembly;
			sourceTree = "<group>";
		};
		6CE30DCA2E91BB12D59C44CB /* Configurator */ = {
			isa = PBXGroup;
			children = (
				D1A329103B75D2525400C130 /* SettingsConfigurator.swift */,
			);
			path = Configurator;
			sourceTree = "<group>";
		};
		77A8892CDFE408FA93FA9195 /* Protocols */ = {
			isa = PBXGroup;
			children = (
				12B75B023086BDA7E13CF9F7 /* MainProtocols.swift */,
			);
			path = Protocols;
			sourceTree = "<group>";
		};
		8219218649F9F4F2146511EE /* Main */ = {
			isa = PBXGroup;
			children = (
				BA3C50485BEBA042FF76E3C6 /* View */,
				1595D8340917C627656A4B2C /* Presenter */,
				2D4ECF0314ACE5A14BFE55F7 /* Interactor */,
				98322EF2CF14FE66CEDFEC77 /* Router */,
				BD1D199906B92CB20BEB14FE /* Configurator */,
				FC59EEAD6BB0A3D4C59FCD67 /* Assembly */,
				77A8892CDFE408FA93FA9195 /* Protocols */,
				F22B9A4D22D2467000589D1C /* Main.storyboard */,
			);
			path = Main;
			sourceTree = "<group>";
		};
		97D7BC4E522749555FA137BD /* Assembly */ = {
			isa = PBXGroup;
			children = (
				9383E6F8EACA2DE350087968 /* SettingsAssembler.swift */,
			);
			path = Assembly;
			sourceTree = "<group>";
		};
		98322EF2CF14FE66CEDFEC77 /* Router */ = {
			isa = PBXGroup;
			children = (
				1FE8FF06F10696463E83BBFB /* MainRouter.swift */,
			);
			path = Router;
			sourceTree = "<group>";
		};
		98D2C1BEDD82367E57C351AC /* Presenter */ = {
			isa = PBXGroup;
			children = (
				3ACF7D1A8D88901DEBD92AE9 /* TabBarPresenter.swift */,
			);
			path = Presenter;
			sourceTree = "<group>";
		};
		9F15454F8A70183F4083B182 /* Interactor */ = {
			isa = PBXGroup;
			children = (
				6A97B33C3869102919CF046F /* SettingsInteractor.swift */,
			);
			path = Interactor;
			sourceTree = "<group>";
		};
		BA3C50485BEBA042FF76E3C6 /* View */ = {
			isa = PBXGroup;
			children = (
				FEFC17992747C69800CF7CED /* Cell */,
				B379693BDC256843B7F558CC /* MainViewController.swift */,
			);
			path = View;
			sourceTree = "<group>";
		};
		BD1D199906B92CB20BEB14FE /* Configurator */ = {
			isa = PBXGroup;
			children = (
				28CDF13CE9E88E80E7CFD8A7 /* MainConfigurator.swift */,
			);
			path = Configurator;
			sourceTree = "<group>";
		};
		CE778AB2C9B42F60B86104D5 /* View */ = {
			isa = PBXGroup;
			children = (
				913C30ED3E2D6C44963F332B /* SettingsViewController.swift */,
			);
			path = View;
			sourceTree = "<group>";
		};
		D17927DA54F61F8809E9ABC4 /* View */ = {
			isa = PBXGroup;
			children = (
				08D5E9B1CE7D46C6486701C3 /* TabBarViewController.swift */,
			);
			path = View;
			sourceTree = "<group>";
		};
		D639DA0590DA74877233CFB1 /* TabBar */ = {
			isa = PBXGroup;
			children = (
				F22B9A4922D23B5A00589D1C /* TabBar.storyboard */,
				D17927DA54F61F8809E9ABC4 /* View */,
				98D2C1BEDD82367E57C351AC /* Presenter */,
				F2DBDCFE33B081CFC9E35748 /* Interactor */,
				584B7AE2EF96F5BAF5E33FBA /* Router */,
				4C68F00F83388131845B15A0 /* Configurator */,
				69461E7DA54A77E835BE3FC8 /* Assembly */,
				2EE2C5DD35DBB00015719025 /* Protocols */,
			);
			path = TabBar;
			sourceTree = "<group>";
		};
		E09A52686ED1F9CC3960D919 /* Protocols */ = {
			isa = PBXGroup;
			children = (
				49163E1017BFDEA2A8268255 /* SettingsProtocols.swift */,
			);
			path = Protocols;
			sourceTree = "<group>";
		};
		F22B9A4022D22F4700589D1C /* MainFlow */ = {
			isa = PBXGroup;
			children = (
				FEFC185C2747EE8C00CF7CED /* AlamofireTest */,
				D639DA0590DA74877233CFB1 /* TabBar */,
				8219218649F9F4F2146511EE /* Main */,
				31FD9D8FFF9A332D3291D757 /* Settings */,
			);
			path = MainFlow;
			sourceTree = "<group>";
		};
		F22B9A4322D2332800589D1C /* Protocols */ = {
			isa = PBXGroup;
			children = (
				F22B9A4422D2333300589D1C /* Presentable.swift */,
			);
			path = Protocols;
			sourceTree = "<group>";
		};
		F22B9A5522D24FDC00589D1C /* Extensions */ = {
			isa = PBXGroup;
			children = (
				F22B9A5622D24FF300589D1C /* UIViewController.swift */,
			);
			path = Extensions;
			sourceTree = "<group>";
		};
		F25F50DF22D2088A00F5142D = {
			isa = PBXGroup;
			children = (
				F25F50EA22D2088A00F5142D /* iOSPlaygrounds */,
				F25F50E922D2088A00F5142D /* Products */,
				14DBAFDE2186214BC3C63DD8 /* Pods */,
				0A95EA48D1052EAB7F956E54 /* Frameworks */,
			);
			sourceTree = "<group>";
		};
		F25F50E922D2088A00F5142D /* Products */ = {
			isa = PBXGroup;
			children = (
				F25F50E822D2088A00F5142D /* iOSPlaygrounds.app */,
			);
			name = Products;
			sourceTree = "<group>";
		};
		F25F50EA22D2088A00F5142D /* iOSPlaygrounds */ = {
			isa = PBXGroup;
			children = (
				F25F510022D2190D00F5142D /* Classes */,
				F25F510222D2191D00F5142D /* Other */,
				F25F510122D2191600F5142D /* Common */,
			);
			path = iOSPlaygrounds;
			sourceTree = "<group>";
		};
		F25F510022D2190D00F5142D /* Classes */ = {
			isa = PBXGroup;
			children = (
				F25F50EB22D2088A00F5142D /* AppDelegate.swift */,
				F25F510522D2198F00F5142D /* PresentationLayer */,
				F25F510422D2197B00F5142D /* BuisnessLayer */,
				F25F510322D2196800F5142D /* ApplicationLayer */,
			);
			path = Classes;
			sourceTree = "<group>";
		};
		F25F510122D2191600F5142D /* Common */ = {
			isa = PBXGroup;
			children = (
				FEFC17922747C3C200CF7CED /* Base */,
				F22B9A5522D24FDC00589D1C /* Extensions */,
				F22B9A4322D2332800589D1C /* Protocols */,
			);
			path = Common;
			sourceTree = "<group>";
		};
		F25F510222D2191D00F5142D /* Other */ = {
			isa = PBXGroup;
			children = (
				F22B9A5322D2486A00589D1C /* R.generated.swift */,
				F25F50F522D2088D00F5142D /* Assets.xcassets */,
				F25F50FA22D2088D00F5142D /* Info.plist */,
				FEFC179E2747C9EE00CF7CED /* Localizable.strings */,
			);
			path = Other;
			sourceTree = "<group>";
		};
		F25F510322D2196800F5142D /* ApplicationLayer */ = {
			isa = PBXGroup;
			children = (
				F25F510A22D21A8E00F5142D /* Configurators */,
				F25F510922D21A8600F5142D /* Assembler */,
			);
			path = ApplicationLayer;
			sourceTree = "<group>";
		};
		F25F510422D2197B00F5142D /* BuisnessLayer */ = {
			isa = PBXGroup;
			children = (
				F25F510822D21A7300F5142D /* Assembler */,
			);
			path = BuisnessLayer;
			sourceTree = "<group>";
		};
		F25F510522D2198F00F5142D /* PresentationLayer */ = {
			isa = PBXGroup;
			children = (
				F25F50F722D2088D00F5142D /* LaunchScreen.storyboard */,
				F25F510622D21A1E00F5142D /* Assembler */,
				F25F510722D21A2B00F5142D /* Modules */,
			);
			path = PresentationLayer;
			sourceTree = "<group>";
		};
		F25F510622D21A1E00F5142D /* Assembler */ = {
			isa = PBXGroup;
			children = (
				F25F510B22D21ACA00F5142D /* ModuleAssembly.swift */,
			);
			path = Assembler;
			sourceTree = "<group>";
		};
		F25F510722D21A2B00F5142D /* Modules */ = {
			isa = PBXGroup;
			children = (
				F22B9A4022D22F4700589D1C /* MainFlow */,
			);
			path = Modules;
			sourceTree = "<group>";
		};
		F25F510822D21A7300F5142D /* Assembler */ = {
			isa = PBXGroup;
			children = (
				F25F511522D21D1F00F5142D /* BusinessLayerAssembly.swift */,
			);
			path = Assembler;
			sourceTree = "<group>";
		};
		F25F510922D21A8600F5142D /* Assembler */ = {
			isa = PBXGroup;
			children = (
				F25F510D22D21BE900F5142D /* ApplicationAssembler.swift */,
			);
			path = Assembler;
			sourceTree = "<group>";
		};
		F25F510A22D21A8E00F5142D /* Configurators */ = {
			isa = PBXGroup;
			children = (
				F25F510F22D21C4C00F5142D /* AppearanceConfigurator.swift */,
				F25F511122D21C6500F5142D /* ApplicationConfigurator.swift */,
				F25F511322D21C8400F5142D /* ConfiguratorProtocol.swift */,
			);
			path = Configurators;
			sourceTree = "<group>";
		};
		F2DBDCFE33B081CFC9E35748 /* Interactor */ = {
			isa = PBXGroup;
			children = (
				7D0A4C2064933CD5AA5CCF07 /* TabBarInteractor.swift */,
			);
			path = Interactor;
			sourceTree = "<group>";
		};
		FC59EEAD6BB0A3D4C59FCD67 /* Assembly */ = {
			isa = PBXGroup;
			children = (
				CB69D08FE9E408691AB80570 /* MainAssembler.swift */,
			);
			path = Assembly;
			sourceTree = "<group>";
		};
		FEFC17922747C3C200CF7CED /* Base */ = {
			isa = PBXGroup;
			children = (
				FEFC17932747C40200CF7CED /* BaseMainNavigationController.swift */,
			);
			path = Base;
			sourceTree = "<group>";
		};
		FEFC17992747C69800CF7CED /* Cell */ = {
			isa = PBXGroup;
			children = (
				FEFC17952747C69300CF7CED /* MainCell.swift */,
				FEFC17962747C69300CF7CED /* MainCell.xib */,
			);
			path = Cell;
			sourceTree = "<group>";
		};
		FEFC185C2747EE8C00CF7CED /* AlamofireTest */ = {
			isa = PBXGroup;
			children = (
				FEFC18772747EEA300CF7CED /* Assembly */,
				FEFC186D2747EEA300CF7CED /* Configurator */,
				FEFC186F2747EEA300CF7CED /* Interactor */,
				FEFC18732747EEA300CF7CED /* Presenter */,
				FEFC18712747EEA300CF7CED /* Protocols */,
				FEFC186B2747EEA300CF7CED /* Router */,
				FEFC18752747EEA300CF7CED /* View */,
				FEFC18802747EECB00CF7CED /* AlamofireTest.storyboard */,
			);
			path = AlamofireTest;
			sourceTree = "<group>";
		};
		FEFC186B2747EEA300CF7CED /* Router */ = {
			isa = PBXGroup;
			children = (
				FEFC186C2747EEA300CF7CED /* AlamofireTestRouter.swift */,
			);
			path = Router;
			sourceTree = "<group>";
		};
		FEFC186D2747EEA300CF7CED /* Configurator */ = {
			isa = PBXGroup;
			children = (
				FEFC186E2747EEA300CF7CED /* AlamofireTestConfigurator.swift */,
			);
			path = Configurator;
			sourceTree = "<group>";
		};
		FEFC186F2747EEA300CF7CED /* Interactor */ = {
			isa = PBXGroup;
			children = (
				FEFC18702747EEA300CF7CED /* AlamofireTestInteractor.swift */,
			);
			path = Interactor;
			sourceTree = "<group>";
		};
		FEFC18712747EEA300CF7CED /* Protocols */ = {
			isa = PBXGroup;
			children = (
				FEFC18722747EEA300CF7CED /* AlamofireTestProtocols.swift */,
			);
			path = Protocols;
			sourceTree = "<group>";
		};
		FEFC18732747EEA300CF7CED /* Presenter */ = {
			isa = PBXGroup;
			children = (
				FEFC18742747EEA300CF7CED /* AlamofireTestPresenter.swift */,
			);
			path = Presenter;
			sourceTree = "<group>";
		};
		FEFC18752747EEA300CF7CED /* View */ = {
			isa = PBXGroup;
			children = (
				FEFC18762747EEA300CF7CED /* AlamofireTestViewController.swift */,
			);
			path = View;
			sourceTree = "<group>";
		};
		FEFC18772747EEA300CF7CED /* Assembly */ = {
			isa = PBXGroup;
			children = (
				FEFC18782747EEA300CF7CED /* AlamofireTestAssembler.swift */,
			);
			path = Assembly;
			sourceTree = "<group>";
		};
/* End PBXGroup section */

/* Begin PBXNativeTarget section */
		F25F50E722D2088A00F5142D /* iOSPlaygrounds */ = {
			isa = PBXNativeTarget;
			buildConfigurationList = F25F50FD22D2088D00F5142D /* Build configuration list for PBXNativeTarget "iOSPlaygrounds" */;
			buildPhases = (
				D0881B81909AF87F4FFC6EFD /* [CP] Check Pods Manifest.lock */,
				F22B9A5122D247F600589D1C /* ShellScript */,
				F25F50E422D2088A00F5142D /* Sources */,
				F25F50E522D2088A00F5142D /* Frameworks */,
				F25F50E622D2088A00F5142D /* Resources */,
				6FDE61528DFC1F2718F91A4A /* [CP] Embed Pods Frameworks */,
			);
			buildRules = (
			);
			dependencies = (
			);
			name = iOSPlaygrounds;
			productName = AudiOBD2Scanner;
			productReference = F25F50E822D2088A00F5142D /* iOSPlaygrounds.app */;
			productType = "com.apple.product-type.application";
		};
/* End PBXNativeTarget section */

/* Begin PBXProject section */
		F25F50E022D2088A00F5142D /* Project object */ = {
			isa = PBXProject;
			attributes = {
				LastSwiftUpdateCheck = 1020;
				LastUpgradeCheck = 1310;
				ORGANIZATIONNAME = b3tman;
				TargetAttributes = {
					F25F50E722D2088A00F5142D = {
						CreatedOnToolsVersion = 10.2.1;
						LastSwiftMigration = 1310;
					};
				};
			};
			buildConfigurationList = F25F50E322D2088A00F5142D /* Build configuration list for PBXProject "iOSPlaygrounds" */;
			compatibilityVersion = "Xcode 9.3";
			developmentRegion = en;
			hasScannedForEncodings = 0;
			knownRegions = (
				en,
				Base,
			);
			mainGroup = F25F50DF22D2088A00F5142D;
			productRefGroup = F25F50E922D2088A00F5142D /* Products */;
			projectDirPath = "";
			projectRoot = "";
			targets = (
				F25F50E722D2088A00F5142D /* iOSPlaygrounds */,
			);
		};
/* End PBXProject section */

/* Begin PBXResourcesBuildPhase section */
		F25F50E622D2088A00F5142D /* Resources */ = {
			isa = PBXResourcesBuildPhase;
			buildActionMask = 2147483647;
			files = (
				F25F50F922D2088D00F5142D /* LaunchScreen.storyboard in Resources */,
				F22B9A4A22D23B5A00589D1C /* TabBar.storyboard in Resources */,
				FEFC17982747C69300CF7CED /* MainCell.xib in Resources */,
				FEFC179C2747C9EE00CF7CED /* Localizable.strings in Resources */,
				F25F50F622D2088D00F5142D /* Assets.xcassets in Resources */,
				F22B9A4E22D2467000589D1C /* Main.storyboard in Resources */,
				F22B9A5022D2469400589D1C /* Settings.storyboard in Resources */,
				FEFC18812747EECB00CF7CED /* AlamofireTest.storyboard in Resources */,
			);
			runOnlyForDeploymentPostprocessing = 0;
		};
/* End PBXResourcesBuildPhase section */

/* Begin PBXShellScriptBuildPhase section */
		6FDE61528DFC1F2718F91A4A /* [CP] Embed Pods Frameworks */ = {
			isa = PBXShellScriptBuildPhase;
			buildActionMask = 2147483647;
			files = (
			);
			inputFileListPaths = (
				"${PODS_ROOT}/Target Support Files/Pods-iOSPlaygrounds/Pods-iOSPlaygrounds-frameworks-${CONFIGURATION}-input-files.xcfilelist",
			);
			name = "[CP] Embed Pods Frameworks";
			outputFileListPaths = (
				"${PODS_ROOT}/Target Support Files/Pods-iOSPlaygrounds/Pods-iOSPlaygrounds-frameworks-${CONFIGURATION}-output-files.xcfilelist",
			);
			runOnlyForDeploymentPostprocessing = 0;
			shellPath = /bin/sh;
			shellScript = "\"${PODS_ROOT}/Target Support Files/Pods-iOSPlaygrounds/Pods-iOSPlaygrounds-frameworks.sh\"\n";
			showEnvVarsInLog = 0;
		};
		D0881B81909AF87F4FFC6EFD /* [CP] Check Pods Manifest.lock */ = {
			isa = PBXShellScriptBuildPhase;
			buildActionMask = 2147483647;
			files = (
			);
			inputFileListPaths = (
			);
			inputPaths = (
				"${PODS_PODFILE_DIR_PATH}/Podfile.lock",
				"${PODS_ROOT}/Manifest.lock",
			);
			name = "[CP] Check Pods Manifest.lock";
			outputFileListPaths = (
			);
			outputPaths = (
				"$(DERIVED_FILE_DIR)/Pods-iOSPlaygrounds-checkManifestLockResult.txt",
			);
			runOnlyForDeploymentPostprocessing = 0;
			shellPath = /bin/sh;
			shellScript = "diff \"${PODS_PODFILE_DIR_PATH}/Podfile.lock\" \"${PODS_ROOT}/Manifest.lock\" > /dev/null\nif [ $? != 0 ] ; then\n    # print error to STDERR\n    echo \"error: The sandbox is not in sync with the Podfile.lock. Run 'pod install' or update your CocoaPods installation.\" >&2\n    exit 1\nfi\n# This output is used by Xcode 'outputs' to avoid re-running this script phase.\necho \"SUCCESS\" > \"${SCRIPT_OUTPUT_FILE_0}\"\n";
			showEnvVarsInLog = 0;
		};
		F22B9A5122D247F600589D1C /* ShellScript */ = {
			isa = PBXShellScriptBuildPhase;
			buildActionMask = 2147483647;
			files = (
			);
			inputFileListPaths = (
			);
			inputPaths = (
				"$TEMP_DIR/rswift-lastrun",
			);
			outputFileListPaths = (
			);
			outputPaths = (
				"$SRCROOT/R.generated.swift",
			);
			runOnlyForDeploymentPostprocessing = 0;
			shellPath = /bin/sh;
			shellScript = "# Type a script or drag a script file from your workspace to insert its path.\n\"$PODS_ROOT/R.swift/rswift\" generate \"$SRCROOT/R.generated.swift\"\n";
		};
/* End PBXShellScriptBuildPhase section */

/* Begin PBXSourcesBuildPhase section */
		F25F50E422D2088A00F5142D /* Sources */ = {
			isa = PBXSourcesBuildPhase;
			buildActionMask = 2147483647;
			files = (
				F22B9A4522D2333300589D1C /* Presentable.swift in Sources */,
				FEFC187D2747EEA300CF7CED /* AlamofireTestPresenter.swift in Sources */,
				FEFC17972747C69300CF7CED /* MainCell.swift in Sources */,
				F22B9A5422D2486A00589D1C /* R.generated.swift in Sources */,
				F25F511422D21C8400F5142D /* ConfiguratorProtocol.swift in Sources */,
				F25F50EC22D2088A00F5142D /* AppDelegate.swift in Sources */,
				F25F511022D21C4C00F5142D /* AppearanceConfigurator.swift in Sources */,
				F25F511222D21C6500F5142D /* ApplicationConfigurator.swift in Sources */,
				F25F510C22D21ACA00F5142D /* ModuleAssembly.swift in Sources */,
				FEFC187B2747EEA300CF7CED /* AlamofireTestInteractor.swift in Sources */,
				F25F510E22D21BE900F5142D /* ApplicationAssembler.swift in Sources */,
				F25F511622D21D1F00F5142D /* BusinessLayerAssembly.swift in Sources */,
				0F90C4F5D15B0713860AF7CC /* TabBarViewController.swift in Sources */,
				288FBE7304F809873AD00406 /* TabBarPresenter.swift in Sources */,
				9A55EE6688955CB5C09B8768 /* TabBarInteractor.swift in Sources */,
				CAA16E4129DC5DA80445078D /* TabBarRouter.swift in Sources */,
				FEFC187E2747EEA300CF7CED /* AlamofireTestViewController.swift in Sources */,
				F22B9A5722D24FF300589D1C /* UIViewController.swift in Sources */,
				B7C65A6113EBDDBB6A858B31 /* TabBarConfigurator.swift in Sources */,
				F3D33806B29EE644BB04BD40 /* TabBarAssembler.swift in Sources */,
				42747C521D70E6BD39AD5221 /* TabBarProtocols.swift in Sources */,
				B59DCC6E2954D7246CC8BF0F /* MainViewController.swift in Sources */,
				EDB9388DDB3F70A64E898D02 /* MainPresenter.swift in Sources */,
				687E47C966A306AC66C20065 /* MainInteractor.swift in Sources */,
				E153489E9995A27C81FCF4C4 /* MainRouter.swift in Sources */,
				723F6CB12D20DF61FFA2EBFD /* MainConfigurator.swift in Sources */,
				FEFC187F2747EEA300CF7CED /* AlamofireTestAssembler.swift in Sources */,
				440CEEA7F36362B46A230A3F /* MainAssembler.swift in Sources */,
				FEFC17942747C40200CF7CED /* BaseMainNavigationController.swift in Sources */,
				38088DFD6B88A13CB46419F7 /* MainProtocols.swift in Sources */,
				3C2C6F2A86AC3F805EE646D0 /* SettingsViewController.swift in Sources */,
				373FD16EE3B5410312DDF9EA /* SettingsPresenter.swift in Sources */,
				0A4CD4F60C9E9D8BAC7F44DB /* SettingsInteractor.swift in Sources */,
				CF2F7F1D929FE03FF3831B42 /* SettingsRouter.swift in Sources */,
				FEFC187C2747EEA300CF7CED /* AlamofireTestProtocols.swift in Sources */,
				F2647059C186FD5CED3D2295 /* SettingsConfigurator.swift in Sources */,
				FEFC18792747EEA300CF7CED /* AlamofireTestRouter.swift in Sources */,
				FEFC187A2747EEA300CF7CED /* AlamofireTestConfigurator.swift in Sources */,
				FE94737BD32CB43BA562D568 /* SettingsAssembler.swift in Sources */,
				9EF7B4F4485144A6B38722FA /* SettingsProtocols.swift in Sources */,
			);
			runOnlyForDeploymentPostprocessing = 0;
		};
/* End PBXSourcesBuildPhase section */

/* Begin PBXVariantGroup section */
		F25F50F722D2088D00F5142D /* LaunchScreen.storyboard */ = {
			isa = PBXVariantGroup;
			children = (
				F25F50F822D2088D00F5142D /* Base */,
			);
			name = LaunchScreen.storyboard;
			sourceTree = "<group>";
		};
		FEFC179E2747C9EE00CF7CED /* Localizable.strings */ = {
			isa = PBXVariantGroup;
			children = (
				FEFC179D2747C9EE00CF7CED /* en */,
			);
			name = Localizable.strings;
			sourceTree = "<group>";
		};
/* End PBXVariantGroup section */

/* Begin XCBuildConfiguration section */
		F25F50FB22D2088D00F5142D /* Debug */ = {
			isa = XCBuildConfiguration;
			buildSettings = {
				ALWAYS_SEARCH_USER_PATHS = NO;
				CLANG_ANALYZER_NONNULL = YES;
				CLANG_ANALYZER_NUMBER_OBJECT_CONVERSION = YES_AGGRESSIVE;
				CLANG_CXX_LANGUAGE_STANDARD = "gnu++14";
				CLANG_CXX_LIBRARY = "libc++";
				CLANG_ENABLE_MODULES = YES;
				CLANG_ENABLE_OBJC_ARC = YES;
				CLANG_ENABLE_OBJC_WEAK = YES;
				CLANG_WARN_BLOCK_CAPTURE_AUTORELEASING = YES;
				CLANG_WARN_BOOL_CONVERSION = YES;
				CLANG_WARN_COMMA = YES;
				CLANG_WARN_CONSTANT_CONVERSION = YES;
				CLANG_WARN_DEPRECATED_OBJC_IMPLEMENTATIONS = YES;
				CLANG_WARN_DIRECT_OBJC_ISA_USAGE = YES_ERROR;
				CLANG_WARN_DOCUMENTATION_COMMENTS = YES;
				CLANG_WARN_EMPTY_BODY = YES;
				CLANG_WARN_ENUM_CONVERSION = YES;
				CLANG_WARN_INFINITE_RECURSION = YES;
				CLANG_WARN_INT_CONVERSION = YES;
				CLANG_WARN_NON_LITERAL_NULL_CONVERSION = YES;
				CLANG_WARN_OBJC_IMPLICIT_RETAIN_SELF = YES;
				CLANG_WARN_OBJC_LITERAL_CONVERSION = YES;
				CLANG_WARN_OBJC_ROOT_CLASS = YES_ERROR;
				CLANG_WARN_QUOTED_INCLUDE_IN_FRAMEWORK_HEADER = YES;
				CLANG_WARN_RANGE_LOOP_ANALYSIS = YES;
				CLANG_WARN_STRICT_PROTOTYPES = YES;
				CLANG_WARN_SUSPICIOUS_MOVE = YES;
				CLANG_WARN_UNGUARDED_AVAILABILITY = YES_AGGRESSIVE;
				CLANG_WARN_UNREACHABLE_CODE = YES;
				CLANG_WARN__DUPLICATE_METHOD_MATCH = YES;
				CODE_SIGN_IDENTITY = "iPhone Developer";
				COPY_PHASE_STRIP = NO;
				DEBUG_INFORMATION_FORMAT = dwarf;
				ENABLE_STRICT_OBJC_MSGSEND = YES;
				ENABLE_TESTABILITY = YES;
				GCC_C_LANGUAGE_STANDARD = gnu11;
				GCC_DYNAMIC_NO_PIC = NO;
				GCC_NO_COMMON_BLOCKS = YES;
				GCC_OPTIMIZATION_LEVEL = 0;
				GCC_PREPROCESSOR_DEFINITIONS = (
					"DEBUG=1",
					"$(inherited)",
				);
				GCC_WARN_64_TO_32_BIT_CONVERSION = YES;
				GCC_WARN_ABOUT_RETURN_TYPE = YES_ERROR;
				GCC_WARN_UNDECLARED_SELECTOR = YES;
				GCC_WARN_UNINITIALIZED_AUTOS = YES_AGGRESSIVE;
				GCC_WARN_UNUSED_FUNCTION = YES;
				GCC_WARN_UNUSED_VARIABLE = YES;
				IPHONEOS_DEPLOYMENT_TARGET = 12.2;
				MTL_ENABLE_DEBUG_INFO = INCLUDE_SOURCE;
				MTL_FAST_MATH = YES;
				ONLY_ACTIVE_ARCH = YES;
				SDKROOT = iphoneos;
				SWIFT_ACTIVE_COMPILATION_CONDITIONS = DEBUG;
				SWIFT_OPTIMIZATION_LEVEL = "-Onone";
			};
			name = Debug;
		};
		F25F50FC22D2088D00F5142D /* Release */ = {
			isa = XCBuildConfiguration;
			buildSettings = {
				ALWAYS_SEARCH_USER_PATHS = NO;
				CLANG_ANALYZER_NONNULL = YES;
				CLANG_ANALYZER_NUMBER_OBJECT_CONVERSION = YES_AGGRESSIVE;
				CLANG_CXX_LANGUAGE_STANDARD = "gnu++14";
				CLANG_CXX_LIBRARY = "libc++";
				CLANG_ENABLE_MODULES = YES;
				CLANG_ENABLE_OBJC_ARC = YES;
				CLANG_ENABLE_OBJC_WEAK = YES;
				CLANG_WARN_BLOCK_CAPTURE_AUTORELEASING = YES;
				CLANG_WARN_BOOL_CONVERSION = YES;
				CLANG_WARN_COMMA = YES;
				CLANG_WARN_CONSTANT_CONVERSION = YES;
				CLANG_WARN_DEPRECATED_OBJC_IMPLEMENTATIONS = YES;
				CLANG_WARN_DIRECT_OBJC_ISA_USAGE = YES_ERROR;
				CLANG_WARN_DOCUMENTATION_COMMENTS = YES;
				CLANG_WARN_EMPTY_BODY = YES;
				CLANG_WARN_ENUM_CONVERSION = YES;
				CLANG_WARN_INFINITE_RECURSION = YES;
				CLANG_WARN_INT_CONVERSION = YES;
				CLANG_WARN_NON_LITERAL_NULL_CONVERSION = YES;
				CLANG_WARN_OBJC_IMPLICIT_RETAIN_SELF = YES;
				CLANG_WARN_OBJC_LITERAL_CONVERSION = YES;
				CLANG_WARN_OBJC_ROOT_CLASS = YES_ERROR;
				CLANG_WARN_QUOTED_INCLUDE_IN_FRAMEWORK_HEADER = YES;
				CLANG_WARN_RANGE_LOOP_ANALYSIS = YES;
				CLANG_WARN_STRICT_PROTOTYPES = YES;
				CLANG_WARN_SUSPICIOUS_MOVE = YES;
				CLANG_WARN_UNGUARDED_AVAILABILITY = YES_AGGRESSIVE;
				CLANG_WARN_UNREACHABLE_CODE = YES;
				CLANG_WARN__DUPLICATE_METHOD_MATCH = YES;
				CODE_SIGN_IDENTITY = "iPhone Developer";
				COPY_PHASE_STRIP = NO;
				DEBUG_INFORMATION_FORMAT = "dwarf-with-dsym";
				ENABLE_NS_ASSERTIONS = NO;
				ENABLE_STRICT_OBJC_MSGSEND = YES;
				GCC_C_LANGUAGE_STANDARD = gnu11;
				GCC_NO_COMMON_BLOCKS = YES;
				GCC_WARN_64_TO_32_BIT_CONVERSION = YES;
				GCC_WARN_ABOUT_RETURN_TYPE = YES_ERROR;
				GCC_WARN_UNDECLARED_SELECTOR = YES;
				GCC_WARN_UNINITIALIZED_AUTOS = YES_AGGRESSIVE;
				GCC_WARN_UNUSED_FUNCTION = YES;
				GCC_WARN_UNUSED_VARIABLE = YES;
				IPHONEOS_DEPLOYMENT_TARGET = 12.2;
				MTL_ENABLE_DEBUG_INFO = NO;
				MTL_FAST_MATH = YES;
				SDKROOT = iphoneos;
				SWIFT_COMPILATION_MODE = wholemodule;
				SWIFT_OPTIMIZATION_LEVEL = "-O";
				VALIDATE_PRODUCT = YES;
			};
			name = Release;
		};
		F25F50FE22D2088D00F5142D /* Debug */ = {
			isa = XCBuildConfiguration;
			baseConfigurationReference = A3AADD77D66D807BCA9A1B4D /* Pods-iOSPlaygrounds.debug.xcconfig */;
			buildSettings = {
				ASSETCATALOG_COMPILER_APPICON_NAME = AppIcon;
				CODE_SIGN_STYLE = Automatic;
				DEVELOPMENT_TEAM = VCKQL6T87N;
				INFOPLIST_FILE = "$(SRCROOT)/iOSPlaygrounds/Other/Info.plist";
				IPHONEOS_DEPLOYMENT_TARGET = 13.0;
				LD_RUNPATH_SEARCH_PATHS = (
					"$(inherited)",
					"@executable_path/Frameworks",
				);
				PRODUCT_BUNDLE_IDENTIFIER = com.ios.playgrounds.b3tman;
				PRODUCT_NAME = "$(TARGET_NAME)";
				SWIFT_VERSION = 5.0;
				TARGETED_DEVICE_FAMILY = 1;
			};
			name = Debug;
		};
		F25F50FF22D2088D00F5142D /* Release */ = {
			isa = XCBuildConfiguration;
			baseConfigurationReference = 7972586F261C19B960C14298 /* Pods-iOSPlaygrounds.release.xcconfig */;
			buildSettings = {
				ASSETCATALOG_COMPILER_APPICON_NAME = AppIcon;
				CODE_SIGN_STYLE = Automatic;
				DEVELOPMENT_TEAM = VCKQL6T87N;
				INFOPLIST_FILE = "$(SRCROOT)/iOSPlaygrounds/Other/Info.plist";
				IPHONEOS_DEPLOYMENT_TARGET = 13.0;
				LD_RUNPATH_SEARCH_PATHS = (
					"$(inherited)",
					"@executable_path/Frameworks",
				);
				PRODUCT_BUNDLE_IDENTIFIER = com.ios.playgrounds.b3tman;
				PRODUCT_NAME = "$(TARGET_NAME)";
				SWIFT_VERSION = 5.0;
				TARGETED_DEVICE_FAMILY = 1;
			};
			name = Release;
		};
/* End XCBuildConfiguration section */

/* Begin XCConfigurationList section */
		F25F50E322D2088A00F5142D /* Build configuration list for PBXProject "iOSPlaygrounds" */ = {
			isa = XCConfigurationList;
			buildConfigurations = (
				F25F50FB22D2088D00F5142D /* Debug */,
				F25F50FC22D2088D00F5142D /* Release */,
			);
			defaultConfigurationIsVisible = 0;
			defaultConfigurationName = Release;
		};
		F25F50FD22D2088D00F5142D /* Build configuration list for PBXNativeTarget "iOSPlaygrounds" */ = {
			isa = XCConfigurationList;
			buildConfigurations = (
				F25F50FE22D2088D00F5142D /* Debug */,
				F25F50FF22D2088D00F5142D /* Release */,
			);
			defaultConfigurationIsVisible = 0;
			defaultConfigurationName = Release;
		};
/* End XCConfigurationList section */
	};
	rootObject = F25F50E022D2088A00F5142D /* Project object */;
}
