// !$*UTF8*$!
{
	archiveVersion = 1;
	classes = {
	};
	objectVersion = 50;
	objects = {

/* Begin PBXBuildFile section */
		F25F50EC22D2088A00F5142D /* AppDelegate.swift in Sources */ = {isa = PBXBuildFile; fileRef = F25F50EB22D2088A00F5142D /* AppDelegate.swift */; };
		F25F50EE22D2088A00F5142D /* ViewController.swift in Sources */ = {isa = PBXBuildFile; fileRef = F25F50ED22D2088A00F5142D /* ViewController.swift */; };
		F25F50F122D2088A00F5142D /* Main.storyboard in Resources */ = {isa = PBXBuildFile; fileRef = F25F50EF22D2088A00F5142D /* Main.storyboard */; };
		F25F50F422D2088B00F5142D /* AudiOBD2Scanner.xcdatamodeld in Sources */ = {isa = PBXBuildFile; fileRef = F25F50F222D2088A00F5142D /* AudiOBD2Scanner.xcdatamodeld */; };
		F25F50F622D2088D00F5142D /* Assets.xcassets in Resources */ = {isa = PBXBuildFile; fileRef = F25F50F522D2088D00F5142D /* Assets.xcassets */; };
		F25F50F922D2088D00F5142D /* LaunchScreen.storyboard in Resources */ = {isa = PBXBuildFile; fileRef = F25F50F722D2088D00F5142D /* LaunchScreen.storyboard */; };
/* End PBXBuildFile section */

/* Begin PBXFileReference section */
		F25F50E822D2088A00F5142D /* AudiOBD2Scanner.app */ = {isa = PBXFileReference; explicitFileType = wrapper.application; includeInIndex = 0; path = AudiOBD2Scanner.app; sourceTree = BUILT_PRODUCTS_DIR; };
		F25F50EB22D2088A00F5142D /* AppDelegate.swift */ = {isa = PBXFileReference; lastKnownFileType = sourcecode.swift; path = AppDelegate.swift; sourceTree = "<group>"; };
		F25F50ED22D2088A00F5142D /* ViewController.swift */ = {isa = PBXFileReference; lastKnownFileType = sourcecode.swift; path = ViewController.swift; sourceTree = "<group>"; };
		F25F50F022D2088A00F5142D /* Base */ = {isa = PBXFileReference; lastKnownFileType = file.storyboard; name = Base; path = Base.lproj/Main.storyboard; sourceTree = "<group>"; };
		F25F50F322D2088B00F5142D /* AudiOBD2Scanner.xcdatamodel */ = {isa = PBXFileReference; lastKnownFileType = wrapper.xcdatamodel; path = AudiOBD2Scanner.xcdatamodel; sourceTree = "<group>"; };
		F25F50F522D2088D00F5142D /* Assets.xcassets */ = {isa = PBXFileReference; lastKnownFileType = folder.assetcatalog; path = Assets.xcassets; sourceTree = "<group>"; };
		F25F50F822D2088D00F5142D /* Base */ = {isa = PBXFileReference; lastKnownFileType = file.storyboard; name = Base; path = Base.lproj/LaunchScreen.storyboard; sourceTree = "<group>"; };
		F25F50FA22D2088D00F5142D /* Info.plist */ = {isa = PBXFileReference; lastKnownFileType = text.plist.xml; path = Info.plist; sourceTree = "<group>"; };
/* End PBXFileReference section */

/* Begin PBXFrameworksBuildPhase section */
		F25F50E522D2088A00F5142D /* Frameworks */ = {
			isa = PBXFrameworksBuildPhase;
			buildActionMask = 2147483647;
			files = (
			);
			runOnlyForDeploymentPostprocessing = 0;
		};
/* End PBXFrameworksBuildPhase section */

/* Begin PBXGroup section */
		F25F50DF22D2088A00F5142D = {
			isa = PBXGroup;
			children = (
				F25F50EA22D2088A00F5142D /* AudiOBD2Scanner */,
				F25F50E922D2088A00F5142D /* Products */,
			);
			sourceTree = "<group>";
		};
		F25F50E922D2088A00F5142D /* Products */ = {
			isa = PBXGroup;
			children = (
				F25F50E822D2088A00F5142D /* AudiOBD2Scanner.app */,
			);
			name = Products;
			sourceTree = "<group>";
		};
		F25F50EA22D2088A00F5142D /* AudiOBD2Scanner */ = {
			isa = PBXGroup;
			children = (
				F25F50EB22D2088A00F5142D /* AppDelegate.swift */,
				F25F50ED22D2088A00F5142D /* ViewController.swift */,
				F25F50EF22D2088A00F5142D /* Main.storyboard */,
				F25F50F522D2088D00F5142D /* Assets.xcassets */,
				F25F50F722D2088D00F5142D /* LaunchScreen.storyboard */,
				F25F50FA22D2088D00F5142D /* Info.plist */,
				F25F50F222D2088A00F5142D /* AudiOBD2Scanner.xcdatamodeld */,
			);
			path = AudiOBD2Scanner;
			sourceTree = "<group>";
		};
/* End PBXGroup section */

/* Begin PBXNativeTarget section */
		F25F50E722D2088A00F5142D /* AudiOBD2Scanner */ = {
			isa = PBXNativeTarget;
			buildConfigurationList = F25F50FD22D2088D00F5142D /* Build configuration list for PBXNativeTarget "AudiOBD2Scanner" */;
			buildPhases = (
				F25F50E422D2088A00F5142D /* Sources */,
				F25F50E522D2088A00F5142D /* Frameworks */,
				F25F50E622D2088A00F5142D /* Resources */,
			);
			buildRules = (
			);
			dependencies = (
			);
			name = AudiOBD2Scanner;
			productName = AudiOBD2Scanner;
			productReference = F25F50E822D2088A00F5142D /* AudiOBD2Scanner.app */;
			productType = "com.apple.product-type.application";
		};
/* End PBXNativeTarget section */

/* Begin PBXProject section */
		F25F50E022D2088A00F5142D /* Project object */ = {
			isa = PBXProject;
			attributes = {
				LastSwiftUpdateCheck = 1020;
				LastUpgradeCheck = 1020;
				ORGANIZATIONNAME = b3tman;
				TargetAttributes = {
					F25F50E722D2088A00F5142D = {
						CreatedOnToolsVersion = 10.2.1;
					};
				};
			};
			buildConfigurationList = F25F50E322D2088A00F5142D /* Build configuration list for PBXProject "AudiOBD2Scanner" */;
			compatibilityVersion = "Xcode 9.3";
			developmentRegion = en;
			hasScannedForEncodings = 0;
			knownRegions = (
				en,
				Base,
			);
			mainGroup = F25F50DF22D2088A00F5142D;
			productRefGroup = F25F50E922D2088A00F5142D /* Products */;
			projectDirPath = "";
			projectRoot = "";
			targets = (
				F25F50E722D2088A00F5142D /* AudiOBD2Scanner */,
			);
		};
/* End PBXProject section */

/* Begin PBXResourcesBuildPhase section */
		F25F50E622D2088A00F5142D /* Resources */ = {
			isa = PBXResourcesBuildPhase;
			buildActionMask = 2147483647;
			files = (
				F25F50F922D2088D00F5142D /* LaunchScreen.storyboard in Resources */,
				F25F50F622D2088D00F5142D /* Assets.xcassets in Resources */,
				F25F50F122D2088A00F5142D /* Main.storyboard in Resources */,
			);
			runOnlyForDeploymentPostprocessing = 0;
		};
/* End PBXResourcesBuildPhase section */

/* Begin PBXSourcesBuildPhase section */
		F25F50E422D2088A00F5142D /* Sources */ = {
			isa = PBXSourcesBuildPhase;
			buildActionMask = 2147483647;
			files = (
				F25F50F422D2088B00F5142D /* AudiOBD2Scanner.xcdatamodeld in Sources */,
				F25F50EE22D2088A00F5142D /* ViewController.swift in Sources */,
				F25F50EC22D2088A00F5142D /* AppDelegate.swift in Sources */,
			);
			runOnlyForDeploymentPostprocessing = 0;
		};
/* End PBXSourcesBuildPhase section */

/* Begin PBXVariantGroup section */
		F25F50EF22D2088A00F5142D /* Main.storyboard */ = {
			isa = PBXVariantGroup;
			children = (
				F25F50F022D2088A00F5142D /* Base */,
			);
			name = Main.storyboard;
			sourceTree = "<group>";
		};
		F25F50F722D2088D00F5142D /* LaunchScreen.storyboard */ = {
			isa = PBXVariantGroup;
			children = (
				F25F50F822D2088D00F5142D /* Base */,
			);
			name = LaunchScreen.storyboard;
			sourceTree = "<group>";
		};
/* End PBXVariantGroup section */

/* Begin XCBuildConfiguration section */
		F25F50FB22D2088D00F5142D /* Debug */ = {
			isa = XCBuildConfiguration;
			buildSettings = {
				ALWAYS_SEARCH_USER_PATHS = NO;
				CLANG_ANALYZER_NONNULL = YES;
				CLANG_ANALYZER_NUMBER_OBJECT_CONVERSION = YES_AGGRESSIVE;
				CLANG_CXX_LANGUAGE_STANDARD = "gnu++14";
				CLANG_CXX_LIBRARY = "libc++";
				CLANG_ENABLE_MODULES = YES;
				CLANG_ENABLE_OBJC_ARC = YES;
				CLANG_ENABLE_OBJC_WEAK = YES;
				CLANG_WARN_BLOCK_CAPTURE_AUTORELEASING = YES;
				CLANG_WARN_BOOL_CONVERSION = YES;
				CLANG_WARN_COMMA = YES;
				CLANG_WARN_CONSTANT_CONVERSION = YES;
				CLANG_WARN_DEPRECATED_OBJC_IMPLEMENTATIONS = YES;
				CLANG_WARN_DIRECT_OBJC_ISA_USAGE = YES_ERROR;
				CLANG_WARN_DOCUMENTATION_COMMENTS = YES;
				CLANG_WARN_EMPTY_BODY = YES;
				CLANG_WARN_ENUM_CONVERSION = YES;
				CLANG_WARN_INFINITE_RECURSION = YES;
				CLANG_WARN_INT_CONVERSION = YES;
				CLANG_WARN_NON_LITERAL_NULL_CONVERSION = YES;
				CLANG_WARN_OBJC_IMPLICIT_RETAIN_SELF = YES;
				CLANG_WARN_OBJC_LITERAL_CONVERSION = YES;
				CLANG_WARN_OBJC_ROOT_CLASS = YES_ERROR;
				CLANG_WARN_RANGE_LOOP_ANALYSIS = YES;
				CLANG_WARN_STRICT_PROTOTYPES = YES;
				CLANG_WARN_SUSPICIOUS_MOVE = YES;
				CLANG_WARN_UNGUARDED_AVAILABILITY = YES_AGGRESSIVE;
				CLANG_WARN_UNREACHABLE_CODE = YES;
				CLANG_WARN__DUPLICATE_METHOD_MATCH = YES;
				CODE_SIGN_IDENTITY = "iPhone Developer";
				COPY_PHASE_STRIP = NO;
				DEBUG_INFORMATION_FORMAT = dwarf;
				ENABLE_STRICT_OBJC_MSGSEND = YES;
				ENABLE_TESTABILITY = YES;
				GCC_C_LANGUAGE_STANDARD = gnu11;
				GCC_DYNAMIC_NO_PIC = NO;
				GCC_NO_COMMON_BLOCKS = YES;
				GCC_OPTIMIZATION_LEVEL = 0;
				GCC_PREPROCESSOR_DEFINITIONS = (
					"DEBUG=1",
					"$(inherited)",
				);
				GCC_WARN_64_TO_32_BIT_CONVERSION = YES;
				GCC_WARN_ABOUT_RETURN_TYPE = YES_ERROR;
				GCC_WARN_UNDECLARED_SELECTOR = YES;
				GCC_WARN_UNINITIALIZED_AUTOS = YES_AGGRESSIVE;
				GCC_WARN_UNUSED_FUNCTION = YES;
				GCC_WARN_UNUSED_VARIABLE = YES;
				IPHONEOS_DEPLOYMENT_TARGET = 12.2;
				MTL_ENABLE_DEBUG_INFO = INCLUDE_SOURCE;
				MTL_FAST_MATH = YES;
				ONLY_ACTIVE_ARCH = YES;
				SDKROOT = iphoneos;
				SWIFT_ACTIVE_COMPILATION_CONDITIONS = DEBUG;
				SWIFT_OPTIMIZATION_LEVEL = "-Onone";
			};
			name = Debug;
		};
		F25F50FC22D2088D00F5142D /* Release */ = {
			isa = XCBuildConfiguration;
			buildSettings = {
				ALWAYS_SEARCH_USER_PATHS = NO;
				CLANG_ANALYZER_NONNULL = YES;
				CLANG_ANALYZER_NUMBER_OBJECT_CONVERSION = YES_AGGRESSIVE;
				CLANG_CXX_LANGUAGE_STANDARD = "gnu++14";
				CLANG_CXX_LIBRARY = "libc++";
				CLANG_ENABLE_MODULES = YES;
				CLANG_ENABLE_OBJC_ARC = YES;
				CLANG_ENABLE_OBJC_WEAK = YES;
				CLANG_WARN_BLOCK_CAPTURE_AUTORELEASING = YES;
				CLANG_WARN_BOOL_CONVERSION = YES;
				CLANG_WARN_COMMA = YES;
				CLANG_WARN_CONSTANT_CONVERSION = YES;
				CLANG_WARN_DEPRECATED_OBJC_IMPLEMENTATIONS = YES;
				CLANG_WARN_DIRECT_OBJC_ISA_USAGE = YES_ERROR;
				CLANG_WARN_DOCUMENTATION_COMMENTS = YES;
				CLANG_WARN_EMPTY_BODY = YES;
				CLANG_WARN_ENUM_CONVERSION = YES;
				CLANG_WARN_INFINITE_RECURSION = YES;
				CLANG_WARN_INT_CONVERSION = YES;
				CLANG_WARN_NON_LITERAL_NULL_CONVERSION = YES;
				CLANG_WARN_OBJC_IMPLICIT_RETAIN_SELF = YES;
				CLANG_WARN_OBJC_LITERAL_CONVERSION = YES;
				CLANG_WARN_OBJC_ROOT_CLASS = YES_ERROR;
				CLANG_WARN_RANGE_LOOP_ANALYSIS = YES;
				CLANG_WARN_STRICT_PROTOTYPES = YES;
				CLANG_WARN_SUSPICIOUS_MOVE = YES;
				CLANG_WARN_UNGUARDED_AVAILABILITY = YES_AGGRESSIVE;
				CLANG_WARN_UNREACHABLE_CODE = YES;
				CLANG_WARN__DUPLICATE_METHOD_MATCH = YES;
				CODE_SIGN_IDENTITY = "iPhone Developer";
				COPY_PHASE_STRIP = NO;
				DEBUG_INFORMATION_FORMAT = "dwarf-with-dsym";
				ENABLE_NS_ASSERTIONS = NO;
				ENABLE_STRICT_OBJC_MSGSEND = YES;
				GCC_C_LANGUAGE_STANDARD = gnu11;
				GCC_NO_COMMON_BLOCKS = YES;
				GCC_WARN_64_TO_32_BIT_CONVERSION = YES;
				GCC_WARN_ABOUT_RETURN_TYPE = YES_ERROR;
				GCC_WARN_UNDECLARED_SELECTOR = YES;
				GCC_WARN_UNINITIALIZED_AUTOS = YES_AGGRESSIVE;
				GCC_WARN_UNUSED_FUNCTION = YES;
				GCC_WARN_UNUSED_VARIABLE = YES;
				IPHONEOS_DEPLOYMENT_TARGET = 12.2;
				MTL_ENABLE_DEBUG_INFO = NO;
				MTL_FAST_MATH = YES;
				SDKROOT = iphoneos;
				SWIFT_COMPILATION_MODE = wholemodule;
				SWIFT_OPTIMIZATION_LEVEL = "-O";
				VALIDATE_PRODUCT = YES;
			};
			name = Release;
		};
		F25F50FE22D2088D00F5142D /* Debug */ = {
			isa = XCBuildConfiguration;
			buildSettings = {
				ASSETCATALOG_COMPILER_APPICON_NAME = AppIcon;
				CODE_SIGN_STYLE = Automatic;
				DEVELOPMENT_TEAM = VCKQL6T87N;
				INFOPLIST_FILE = AudiOBD2Scanner/Info.plist;
				IPHONEOS_DEPLOYMENT_TARGET = 10.0;
				LD_RUNPATH_SEARCH_PATHS = (
					"$(inherited)",
					"@executable_path/Frameworks",
				);
				PRODUCT_BUNDLE_IDENTIFIER = audi.car.scanner;
				PRODUCT_NAME = "$(TARGET_NAME)";
				SWIFT_VERSION = 5.0;
				TARGETED_DEVICE_FAMILY = 1;
			};
			name = Debug;
		};
		F25F50FF22D2088D00F5142D /* Release */ = {
			isa = XCBuildConfiguration;
			buildSettings = {
				ASSETCATALOG_COMPILER_APPICON_NAME = AppIcon;
				CODE_SIGN_STYLE = Automatic;
				DEVELOPMENT_TEAM = VCKQL6T87N;
				INFOPLIST_FILE = AudiOBD2Scanner/Info.plist;
				IPHONEOS_DEPLOYMENT_TARGET = 10.0;
				LD_RUNPATH_SEARCH_PATHS = (
					"$(inherited)",
					"@executable_path/Frameworks",
				);
				PRODUCT_BUNDLE_IDENTIFIER = audi.car.scanner;
				PRODUCT_NAME = "$(TARGET_NAME)";
				SWIFT_VERSION = 5.0;
				TARGETED_DEVICE_FAMILY = 1;
			};
			name = Release;
		};
/* End XCBuildConfiguration section */

/* Begin XCConfigurationList section */
		F25F50E322D2088A00F5142D /* Build configuration list for PBXProject "AudiOBD2Scanner" */ = {
			isa = XCConfigurationList;
			buildConfigurations = (
				F25F50FB22D2088D00F5142D /* Debug */,
				F25F50FC22D2088D00F5142D /* Release */,
			);
			defaultConfigurationIsVisible = 0;
			defaultConfigurationName = Release;
		};
		F25F50FD22D2088D00F5142D /* Build configuration list for PBXNativeTarget "AudiOBD2Scanner" */ = {
			isa = XCConfigurationList;
			buildConfigurations = (
				F25F50FE22D2088D00F5142D /* Debug */,
				F25F50FF22D2088D00F5142D /* Release */,
			);
			defaultConfigurationIsVisible = 0;
			defaultConfigurationName = Release;
		};
/* End XCConfigurationList section */

/* Begin XCVersionGroup section */
		F25F50F222D2088A00F5142D /* AudiOBD2Scanner.xcdatamodeld */ = {
			isa = XCVersionGroup;
			children = (
				F25F50F322D2088B00F5142D /* AudiOBD2Scanner.xcdatamodel */,
			);
			currentVersion = F25F50F322D2088B00F5142D /* AudiOBD2Scanner.xcdatamodel */;
			path = AudiOBD2Scanner.xcdatamodeld;
			sourceTree = "<group>";
			versionGroupType = wrapper.xcdatamodel;
		};
/* End XCVersionGroup section */
	};
	rootObject = F25F50E022D2088A00F5142D /* Project object */;
}
